
Microsoft Visual Studio Solution File, Format Version 12.00
# Visual Studio 15
VisualStudioVersion = 15.0.28307.572
MinimumVisualStudioVersion = 10.0.40219.1
Project("{9A19103F-16F7-4668-BE54-9A1E7A4F7556}") = "SN.Api", "SN.Api\SN.Api.csproj", "{22E23684-6D19-4AEB-A564-759A96CDFDC4}"
EndProject
Project("{9A19103F-16F7-4668-BE54-9A1E7A4F7556}") = "SN.Api.Application", "SN.Api.Application\SN.Api.Application.csproj", "{13FCBABC-C4A5-4B17-97F8-AE6342B6FBDD}"
EndProject
Project("{2150E333-8FDC-42A3-9474-1A3956D46DE8}") = "Solution Items", "Solution Items", "{D292ECFF-4CC5-495B-9A2D-29A8C6461BD4}"
	ProjectSection(SolutionItems) = preProject
		.gitignore = .gitignore
	EndProjectSection
EndProject
Global
	GlobalSection(SolutionConfigurationPlatforms) = preSolution
		Debug|Any CPU = Debug|Any CPU
		Release|Any CPU = Release|Any CPU
	EndGlobalSection
	GlobalSection(ProjectConfigurationPlatforms) = postSolution
		{22E23684-6D19-4AEB-A564-759A96CDFDC4}.Debug|Any CPU.ActiveCfg = Debug|Any CPU
		{22E23684-6D19-4AEB-A564-759A96CDFDC4}.Debug|Any CPU.Build.0 = Debug|Any CPU
		{22E23684-6D19-4AEB-A564-759A96CDFDC4}.Release|Any CPU.ActiveCfg = Release|Any CPU
		{22E23684-6D19-4AEB-A564-759A96CDFDC4}.Release|Any CPU.Build.0 = Release|Any CPU
		{13FCBABC-C4A5-4B17-97F8-AE6342B6FBDD}.Debug|Any CPU.ActiveCfg = Debug|Any CPU
		{13FCBABC-C4A5-4B17-97F8-AE6342B6FBDD}.Debug|Any CPU.Build.0 = Debug|Any CPU
		{13FCBABC-C4A5-4B17-97F8-AE6342B6FBDD}.Release|Any CPU.ActiveCfg = Release|Any CPU
		{13FCBABC-C4A5-4B17-97F8-AE6342B6FBDD}.Release|Any CPU.Build.0 = Release|Any CPU
	EndGlobalSection
	GlobalSection(SolutionProperties) = preSolution
		HideSolutionNode = FALSE
	EndGlobalSection
	GlobalSection(ExtensibilityGlobals) = postSolution
		SolutionGuid = {0C5616FD-1F44-40C8-89BE-8C8725FAEC8E}
	EndGlobalSection
EndGlobal
